
Microsoft Visual Studio Solution File, Format Version 12.00
# Visual Studio Version 16
VisualStudioVersion = 16.0.30717.126
MinimumVisualStudioVersion = 10.0.40219.1
Project("{9A19103F-16F7-4668-BE54-9A1E7A4F7556}") = "MVC_Test1", "MVC_Test1\MVC_Test1.csproj", "{80354E4B-0EF3-4F03-9663-C8083D62C41C}"
EndProject
Project("{FAE04EC0-301F-11D3-BF4B-00C04F79EFBC}") = "NetFramework_SameCRUDTask", "NetFramework_SameCRUDTask\NetFramework_SameCRUDTask.csproj", "{A40E6F29-0795-4CC5-AA58-82EB57F6E159}"
EndProject
Global
	GlobalSection(SolutionConfigurationPlatforms) = preSolution
		Debug|Any CPU = Debug|Any CPU
		Release|Any CPU = Release|Any CPU
	EndGlobalSection
	GlobalSection(ProjectConfigurationPlatforms) = postSolution
		{80354E4B-0EF3-4F03-9663-C8083D62C41C}.Debug|Any CPU.ActiveCfg = Debug|Any CPU
		{80354E4B-0EF3-4F03-9663-C8083D62C41C}.Debug|Any CPU.Build.0 = Debug|Any CPU
		{80354E4B-0EF3-4F03-9663-C8083D62C41C}.Release|Any CPU.ActiveCfg = Release|Any CPU
		{80354E4B-0EF3-4F03-9663-C8083D62C41C}.Release|Any CPU.Build.0 = Release|Any CPU
		{A40E6F29-0795-4CC5-AA58-82EB57F6E159}.Debug|Any CPU.ActiveCfg = Debug|Any CPU
		{A40E6F29-0795-4CC5-AA58-82EB57F6E159}.Debug|Any CPU.Build.0 = Debug|Any CPU
		{A40E6F29-0795-4CC5-AA58-82EB57F6E159}.Release|Any CPU.ActiveCfg = Release|Any CPU
		{A40E6F29-0795-4CC5-AA58-82EB57F6E159}.Release|Any CPU.Build.0 = Release|Any CPU
	EndGlobalSection
	GlobalSection(SolutionProperties) = preSolution
		HideSolutionNode = FALSE
	EndGlobalSection
	GlobalSection(ExtensibilityGlobals) = postSolution
		SolutionGuid = {CFECE1F5-A370-43AF-B64D-35477F1BB11C}
	EndGlobalSection
EndGlobal
