
Microsoft Visual Studio Solution File, Format Version 12.00
# Visual Studio Version 16
VisualStudioVersion = 16.0.30717.126
MinimumVisualStudioVersion = 10.0.40219.1
Project("{FAE04EC0-301F-11D3-BF4B-00C04F79EFBC}") = "ConsoleApp5_NetFramework", "ConsoleApp5_NetFramework\ConsoleApp5_NetFramework.csproj", "{43B10375-A458-45FA-890F-D6CAA0C41A09}"
EndProject
Project("{FAE04EC0-301F-11D3-BF4B-00C04F79EFBC}") = "ConsoleApp_ApiSunrise", "ConsoleApp_ApiSunrise\ConsoleApp_ApiSunrise.csproj", "{9D91C5C0-8C79-459B-BF99-8373FDFE23C9}"
EndProject
Project("{FAE04EC0-301F-11D3-BF4B-00C04F79EFBC}") = "ConsoleApp_BtcPriceApi", "ConsoleApp_BtcPriceApi\ConsoleApp_BtcPriceApi.csproj", "{ED34F71C-45E5-469E-BB9E-822F1568C515}"
EndProject
Global
	GlobalSection(SolutionConfigurationPlatforms) = preSolution
		Debug|Any CPU = Debug|Any CPU
		Release|Any CPU = Release|Any CPU
	EndGlobalSection
	GlobalSection(ProjectConfigurationPlatforms) = postSolution
		{43B10375-A458-45FA-890F-D6CAA0C41A09}.Debug|Any CPU.ActiveCfg = Debug|Any CPU
		{43B10375-A458-45FA-890F-D6CAA0C41A09}.Debug|Any CPU.Build.0 = Debug|Any CPU
		{43B10375-A458-45FA-890F-D6CAA0C41A09}.Release|Any CPU.ActiveCfg = Release|Any CPU
		{43B10375-A458-45FA-890F-D6CAA0C41A09}.Release|Any CPU.Build.0 = Release|Any CPU
		{9D91C5C0-8C79-459B-BF99-8373FDFE23C9}.Debug|Any CPU.ActiveCfg = Debug|Any CPU
		{9D91C5C0-8C79-459B-BF99-8373FDFE23C9}.Debug|Any CPU.Build.0 = Debug|Any CPU
		{9D91C5C0-8C79-459B-BF99-8373FDFE23C9}.Release|Any CPU.ActiveCfg = Release|Any CPU
		{9D91C5C0-8C79-459B-BF99-8373FDFE23C9}.Release|Any CPU.Build.0 = Release|Any CPU
		{ED34F71C-45E5-469E-BB9E-822F1568C515}.Debug|Any CPU.ActiveCfg = Debug|Any CPU
		{ED34F71C-45E5-469E-BB9E-822F1568C515}.Debug|Any CPU.Build.0 = Debug|Any CPU
		{ED34F71C-45E5-469E-BB9E-822F1568C515}.Release|Any CPU.ActiveCfg = Release|Any CPU
		{ED34F71C-45E5-469E-BB9E-822F1568C515}.Release|Any CPU.Build.0 = Release|Any CPU
	EndGlobalSection
	GlobalSection(SolutionProperties) = preSolution
		HideSolutionNode = FALSE
	EndGlobalSection
	GlobalSection(ExtensibilityGlobals) = postSolution
		SolutionGuid = {56F47DB5-D9EE-4577-9039-84A2C6FAE6E2}
	EndGlobalSection
EndGlobal
